// !$*UTF8*$!
{
	archiveVersion = 1;
	classes = {
	};
	objectVersion = 46;
	objects = {

/* Begin PBXBuildFile section */
		AA00EC821E368C1D0092523B /* SaveScan.xcdatamodeld in Sources */ = {isa = PBXBuildFile; fileRef = AA00EC801E368C1D0092523B /* SaveScan.xcdatamodeld */; };
		AA0211681E3C67780004DEAC /* DocScannerController.swift in Sources */ = {isa = PBXBuildFile; fileRef = AA0211671E3C67780004DEAC /* DocScannerController.swift */; };
		AA24B2B01E3D490D00BAB6DD /* TableViewController.swift in Sources */ = {isa = PBXBuildFile; fileRef = AA24B2AF1E3D490D00BAB6DD /* TableViewController.swift */; };
		AA35A3B21E49B77700DFA339 /* DocumentViewController.swift in Sources */ = {isa = PBXBuildFile; fileRef = AA35A3B11E49B77700DFA339 /* DocumentViewController.swift */; };
		AA75CFE11E27DE3900572122 /* MainViewController.swift in Sources */ = {isa = PBXBuildFile; fileRef = AA75CFE01E27DE3900572122 /* MainViewController.swift */; };
		AA75CFE31E27DE5300572122 /* GenerateViewController.swift in Sources */ = {isa = PBXBuildFile; fileRef = AA75CFE21E27DE5300572122 /* GenerateViewController.swift */; };
		AA859C191E4E0B990080F046 /* testingViewController.swift in Sources */ = {isa = PBXBuildFile; fileRef = AA859C181E4E0B990080F046 /* testingViewController.swift */; };
		AA859C1B1E4E64240080F046 /* DocCollectionViewController.swift in Sources */ = {isa = PBXBuildFile; fileRef = AA859C1A1E4E64240080F046 /* DocCollectionViewController.swift */; };
		AA859C1F1E4E793E0080F046 /* CollectionViewController.swift in Sources */ = {isa = PBXBuildFile; fileRef = AA859C1E1E4E793E0080F046 /* CollectionViewController.swift */; };
		AA859C211E4E7D1B0080F046 /* CollectionViewCell.swift in Sources */ = {isa = PBXBuildFile; fileRef = AA859C201E4E7D1B0080F046 /* CollectionViewCell.swift */; };
		AADCCC981E36FC1D00B4488E /* TableVController.swift in Sources */ = {isa = PBXBuildFile; fileRef = AADCCC971E36FC1D00B4488E /* TableVController.swift */; };
		AADCCC9B1E37005A00B4488E /* Main.storyboard in Resources */ = {isa = PBXBuildFile; fileRef = AADCCC991E37005A00B4488E /* Main.storyboard */; };
		AAE914591E25D65D000F25C1 /* AppDelegate.swift in Sources */ = {isa = PBXBuildFile; fileRef = AAE914581E25D65D000F25C1 /* AppDelegate.swift */; };
		AAE9145B1E25D65D000F25C1 /* ViewController.swift in Sources */ = {isa = PBXBuildFile; fileRef = AAE9145A1E25D65D000F25C1 /* ViewController.swift */; };
		AAE914601E25D65D000F25C1 /* Assets.xcassets in Resources */ = {isa = PBXBuildFile; fileRef = AAE9145F1E25D65D000F25C1 /* Assets.xcassets */; };
		AAE914631E25D65D000F25C1 /* LaunchScreen.storyboard in Resources */ = {isa = PBXBuildFile; fileRef = AAE914611E25D65D000F25C1 /* LaunchScreen.storyboard */; };
		AAF29F671E2D95F600E19751 /* AVFoundation.framework in Frameworks */ = {isa = PBXBuildFile; fileRef = AAF29F621E2D95F600E19751 /* AVFoundation.framework */; };
		AAF29F681E2D95F600E19751 /* CoreData.framework in Frameworks */ = {isa = PBXBuildFile; fileRef = AAF29F631E2D95F600E19751 /* CoreData.framework */; };
		AAF29F691E2D95F600E19751 /* CoreGraphics.framework in Frameworks */ = {isa = PBXBuildFile; fileRef = AAF29F641E2D95F600E19751 /* CoreGraphics.framework */; };
		AAF29F6A1E2D95F600E19751 /* CoreImage.framework in Frameworks */ = {isa = PBXBuildFile; fileRef = AAF29F651E2D95F600E19751 /* CoreImage.framework */; };
		AAF29F6B1E2D95F600E19751 /* QuartzCore.framework in Frameworks */ = {isa = PBXBuildFile; fileRef = AAF29F661E2D95F600E19751 /* QuartzCore.framework */; };
		AAFA2FFD1E43A8650028BA3D /* DocScannerViewController.m in Sources */ = {isa = PBXBuildFile; fileRef = AAFA2FFB1E43A8650028BA3D /* DocScannerViewController.m */; };
/* End PBXBuildFile section */

/* Begin PBXFileReference section */
		AA00EC811E368C1D0092523B /* SaveScan.xcdatamodel */ = {isa = PBXFileReference; lastKnownFileType = wrapper.xcdatamodel; path = SaveScan.xcdatamodel; sourceTree = "<group>"; };
		AA0211671E3C67780004DEAC /* DocScannerController.swift */ = {isa = PBXFileReference; fileEncoding = 4; lastKnownFileType = sourcecode.swift; path = DocScannerController.swift; sourceTree = "<group>"; };
		AA24B2AF1E3D490D00BAB6DD /* TableViewController.swift */ = {isa = PBXFileReference; fileEncoding = 4; lastKnownFileType = sourcecode.swift; path = TableViewController.swift; sourceTree = "<group>"; };
		AA35A3B11E49B77700DFA339 /* DocumentViewController.swift */ = {isa = PBXFileReference; fileEncoding = 4; lastKnownFileType = sourcecode.swift; path = DocumentViewController.swift; sourceTree = "<group>"; };
		AA75CFE01E27DE3900572122 /* MainViewController.swift */ = {isa = PBXFileReference; fileEncoding = 4; lastKnownFileType = sourcecode.swift; path = MainViewController.swift; sourceTree = "<group>"; };
		AA75CFE21E27DE5300572122 /* GenerateViewController.swift */ = {isa = PBXFileReference; fileEncoding = 4; lastKnownFileType = sourcecode.swift; path = GenerateViewController.swift; sourceTree = "<group>"; };
		AA859C181E4E0B990080F046 /* testingViewController.swift */ = {isa = PBXFileReference; fileEncoding = 4; lastKnownFileType = sourcecode.swift; path = testingViewController.swift; sourceTree = "<group>"; };
		AA859C1A1E4E64240080F046 /* DocCollectionViewController.swift */ = {isa = PBXFileReference; fileEncoding = 4; lastKnownFileType = sourcecode.swift; path = DocCollectionViewController.swift; sourceTree = "<group>"; };
		AA859C1E1E4E793E0080F046 /* CollectionViewController.swift */ = {isa = PBXFileReference; fileEncoding = 4; lastKnownFileType = sourcecode.swift; path = CollectionViewController.swift; sourceTree = "<group>"; };
		AA859C201E4E7D1B0080F046 /* CollectionViewCell.swift */ = {isa = PBXFileReference; fileEncoding = 4; lastKnownFileType = sourcecode.swift; path = CollectionViewCell.swift; sourceTree = "<group>"; };
		AADCCC971E36FC1D00B4488E /* TableVController.swift */ = {isa = PBXFileReference; fileEncoding = 4; lastKnownFileType = sourcecode.swift; path = TableVController.swift; sourceTree = "<group>"; };
		AADCCC9A1E37005A00B4488E /* Base */ = {isa = PBXFileReference; lastKnownFileType = file.storyboard; name = Base; path = Base.lproj/Main.storyboard; sourceTree = "<group>"; };
		AAE914551E25D65D000F25C1 /* iScan.app */ = {isa = PBXFileReference; explicitFileType = wrapper.application; includeInIndex = 0; path = iScan.app; sourceTree = BUILT_PRODUCTS_DIR; };
		AAE914581E25D65D000F25C1 /* AppDelegate.swift */ = {isa = PBXFileReference; lastKnownFileType = sourcecode.swift; path = AppDelegate.swift; sourceTree = "<group>"; };
		AAE9145A1E25D65D000F25C1 /* ViewController.swift */ = {isa = PBXFileReference; lastKnownFileType = sourcecode.swift; path = ViewController.swift; sourceTree = "<group>"; };
		AAE9145F1E25D65D000F25C1 /* Assets.xcassets */ = {isa = PBXFileReference; lastKnownFileType = folder.assetcatalog; path = Assets.xcassets; sourceTree = "<group>"; };
		AAE914621E25D65D000F25C1 /* Base */ = {isa = PBXFileReference; lastKnownFileType = file.storyboard; name = Base; path = Base.lproj/LaunchScreen.storyboard; sourceTree = "<group>"; };
		AAE914641E25D65D000F25C1 /* Info.plist */ = {isa = PBXFileReference; lastKnownFileType = text.plist.xml; path = Info.plist; sourceTree = "<group>"; };
		AAF29F621E2D95F600E19751 /* AVFoundation.framework */ = {isa = PBXFileReference; lastKnownFileType = wrapper.framework; name = AVFoundation.framework; path = System/Library/Frameworks/AVFoundation.framework; sourceTree = SDKROOT; };
		AAF29F631E2D95F600E19751 /* CoreData.framework */ = {isa = PBXFileReference; lastKnownFileType = wrapper.framework; name = CoreData.framework; path = System/Library/Frameworks/CoreData.framework; sourceTree = SDKROOT; };
		AAF29F641E2D95F600E19751 /* CoreGraphics.framework */ = {isa = PBXFileReference; lastKnownFileType = wrapper.framework; name = CoreGraphics.framework; path = System/Library/Frameworks/CoreGraphics.framework; sourceTree = SDKROOT; };
		AAF29F651E2D95F600E19751 /* CoreImage.framework */ = {isa = PBXFileReference; lastKnownFileType = wrapper.framework; name = CoreImage.framework; path = System/Library/Frameworks/CoreImage.framework; sourceTree = SDKROOT; };
		AAF29F661E2D95F600E19751 /* QuartzCore.framework */ = {isa = PBXFileReference; lastKnownFileType = wrapper.framework; name = QuartzCore.framework; path = System/Library/Frameworks/QuartzCore.framework; sourceTree = SDKROOT; };
		AAFA2FFA1E43A7450028BA3D /* iScan-Bridging-Header.h */ = {isa = PBXFileReference; lastKnownFileType = sourcecode.c.h; path = "iScan-Bridging-Header.h"; sourceTree = "<group>"; };
		AAFA2FFB1E43A8650028BA3D /* DocScannerViewController.m */ = {isa = PBXFileReference; fileEncoding = 4; lastKnownFileType = sourcecode.c.objc; path = DocScannerViewController.m; sourceTree = "<group>"; };
		AAFA2FFC1E43A8650028BA3D /* DocScannerViewController.h */ = {isa = PBXFileReference; fileEncoding = 4; lastKnownFileType = sourcecode.c.h; path = DocScannerViewController.h; sourceTree = "<group>"; };
/* End PBXFileReference section */

/* Begin PBXFrameworksBuildPhase section */
		AAE914521E25D65D000F25C1 /* Frameworks */ = {
			isa = PBXFrameworksBuildPhase;
			buildActionMask = 2147483647;
			files = (
				AAF29F671E2D95F600E19751 /* AVFoundation.framework in Frameworks */,
				AAF29F681E2D95F600E19751 /* CoreData.framework in Frameworks */,
				AAF29F691E2D95F600E19751 /* CoreGraphics.framework in Frameworks */,
				AAF29F6A1E2D95F600E19751 /* CoreImage.framework in Frameworks */,
				AAF29F6B1E2D95F600E19751 /* QuartzCore.framework in Frameworks */,
			);
			runOnlyForDeploymentPostprocessing = 0;
		};
/* End PBXFrameworksBuildPhase section */

/* Begin PBXGroup section */
		AAE9144C1E25D65D000F25C1 = {
			isa = PBXGroup;
			children = (
				AAE914571E25D65D000F25C1 /* iScan */,
				AAE914561E25D65D000F25C1 /* Products */,
				AAF29F611E2D95F600E19751 /* Frameworks */,
			);
			sourceTree = "<group>";
		};
		AAE914561E25D65D000F25C1 /* Products */ = {
			isa = PBXGroup;
			children = (
				AAE914551E25D65D000F25C1 /* iScan.app */,
			);
			name = Products;
			sourceTree = "<group>";
		};
		AAE914571E25D65D000F25C1 /* iScan */ = {
			isa = PBXGroup;
			children = (
				AADCCC971E36FC1D00B4488E /* TableVController.swift */,
				AAE914581E25D65D000F25C1 /* AppDelegate.swift */,
				AA00EC801E368C1D0092523B /* SaveScan.xcdatamodeld */,
				AAE9145A1E25D65D000F25C1 /* ViewController.swift */,
				AA75CFE21E27DE5300572122 /* GenerateViewController.swift */,
				AA0211671E3C67780004DEAC /* DocScannerController.swift */,
				AA859C181E4E0B990080F046 /* testingViewController.swift */,
				AAFA2FFB1E43A8650028BA3D /* DocScannerViewController.m */,
				AAFA2FFC1E43A8650028BA3D /* DocScannerViewController.h */,
				AA35A3B11E49B77700DFA339 /* DocumentViewController.swift */,
				AAFA2FFA1E43A7450028BA3D /* iScan-Bridging-Header.h */,
				AA75CFE01E27DE3900572122 /* MainViewController.swift */,
				AA859C201E4E7D1B0080F046 /* CollectionViewCell.swift */,
				AA24B2AF1E3D490D00BAB6DD /* TableViewController.swift */,
				AADCCC991E37005A00B4488E /* Main.storyboard */,
				AA859C1A1E4E64240080F046 /* DocCollectionViewController.swift */,
				AA859C1E1E4E793E0080F046 /* CollectionViewController.swift */,
				AAE9145F1E25D65D000F25C1 /* Assets.xcassets */,
				AAE914611E25D65D000F25C1 /* LaunchScreen.storyboard */,
				AAE914641E25D65D000F25C1 /* Info.plist */,
			);
			path = iScan;
			sourceTree = "<group>";
		};
		AAF29F611E2D95F600E19751 /* Frameworks */ = {
			isa = PBXGroup;
			children = (
				AAF29F621E2D95F600E19751 /* AVFoundation.framework */,
				AAF29F631E2D95F600E19751 /* CoreData.framework */,
				AAF29F641E2D95F600E19751 /* CoreGraphics.framework */,
				AAF29F651E2D95F600E19751 /* CoreImage.framework */,
				AAF29F661E2D95F600E19751 /* QuartzCore.framework */,
			);
			name = Frameworks;
			sourceTree = "<group>";
		};
/* End PBXGroup section */

/* Begin PBXNativeTarget section */
		AAE914541E25D65D000F25C1 /* iScan */ = {
			isa = PBXNativeTarget;
			buildConfigurationList = AAE914671E25D65D000F25C1 /* Build configuration list for PBXNativeTarget "iScan" */;
			buildPhases = (
				AAE914511E25D65D000F25C1 /* Sources */,
				AAE914521E25D65D000F25C1 /* Frameworks */,
				AAE914531E25D65D000F25C1 /* Resources */,
			);
			buildRules = (
			);
			dependencies = (
			);
			name = iScan;
			productName = iScan;
			productReference = AAE914551E25D65D000F25C1 /* iScan.app */;
			productType = "com.apple.product-type.application";
		};
/* End PBXNativeTarget section */

/* Begin PBXProject section */
		AAE9144D1E25D65D000F25C1 /* Project object */ = {
			isa = PBXProject;
			attributes = {
				LastSwiftUpdateCheck = 0820;
				LastUpgradeCheck = 0820;
				ORGANIZATIONNAME = "William Thompson";
				TargetAttributes = {
					AAE914541E25D65D000F25C1 = {
						CreatedOnToolsVersion = 8.2.1;
						DevelopmentTeam = SWZ7G84L24;
						LastSwiftMigration = 0820;
						ProvisioningStyle = Automatic;
					};
				};
			};
			buildConfigurationList = AAE914501E25D65D000F25C1 /* Build configuration list for PBXProject "iScan" */;
			compatibilityVersion = "Xcode 3.2";
			developmentRegion = English;
			hasScannedForEncodings = 0;
			knownRegions = (
				en,
				Base,
			);
			mainGroup = AAE9144C1E25D65D000F25C1;
			productRefGroup = AAE914561E25D65D000F25C1 /* Products */;
			projectDirPath = "";
			projectRoot = "";
			targets = (
				AAE914541E25D65D000F25C1 /* iScan */,
			);
		};
/* End PBXProject section */

/* Begin PBXResourcesBuildPhase section */
		AAE914531E25D65D000F25C1 /* Resources */ = {
			isa = PBXResourcesBuildPhase;
			buildActionMask = 2147483647;
			files = (
				AADCCC9B1E37005A00B4488E /* Main.storyboard in Resources */,
				AAE914631E25D65D000F25C1 /* LaunchScreen.storyboard in Resources */,
				AAE914601E25D65D000F25C1 /* Assets.xcassets in Resources */,
			);
			runOnlyForDeploymentPostprocessing = 0;
		};
/* End PBXResourcesBuildPhase section */

/* Begin PBXSourcesBuildPhase section */
		AAE914511E25D65D000F25C1 /* Sources */ = {
			isa = PBXSourcesBuildPhase;
			buildActionMask = 2147483647;
			files = (
				AA859C1F1E4E793E0080F046 /* CollectionViewController.swift in Sources */,
				AA75CFE11E27DE3900572122 /* MainViewController.swift in Sources */,
				AA0211681E3C67780004DEAC /* DocScannerController.swift in Sources */,
				AAFA2FFD1E43A8650028BA3D /* DocScannerViewController.m in Sources */,
				AADCCC981E36FC1D00B4488E /* TableVController.swift in Sources */,
				AA75CFE31E27DE5300572122 /* GenerateViewController.swift in Sources */,
				AA35A3B21E49B77700DFA339 /* DocumentViewController.swift in Sources */,
				AAE9145B1E25D65D000F25C1 /* ViewController.swift in Sources */,
				AA859C191E4E0B990080F046 /* testingViewController.swift in Sources */,
				AA00EC821E368C1D0092523B /* SaveScan.xcdatamodeld in Sources */,
				AA859C211E4E7D1B0080F046 /* CollectionViewCell.swift in Sources */,
				AA24B2B01E3D490D00BAB6DD /* TableViewController.swift in Sources */,
				AAE914591E25D65D000F25C1 /* AppDelegate.swift in Sources */,
				AA859C1B1E4E64240080F046 /* DocCollectionViewController.swift in Sources */,
			);
			runOnlyForDeploymentPostprocessing = 0;
		};
/* End PBXSourcesBuildPhase section */

/* Begin PBXVariantGroup section */
		AADCCC991E37005A00B4488E /* Main.storyboard */ = {
			isa = PBXVariantGroup;
			children = (
				AADCCC9A1E37005A00B4488E /* Base */,
			);
			name = Main.storyboard;
			sourceTree = "<group>";
		};
		AAE914611E25D65D000F25C1 /* LaunchScreen.storyboard */ = {
			isa = PBXVariantGroup;
			children = (
				AAE914621E25D65D000F25C1 /* Base */,
			);
			name = LaunchScreen.storyboard;
			sourceTree = "<group>";
		};
/* End PBXVariantGroup section */

/* Begin XCBuildConfiguration section */
		AAE914651E25D65D000F25C1 /* Debug */ = {
			isa = XCBuildConfiguration;
			buildSettings = {
				ALWAYS_SEARCH_USER_PATHS = NO;
				CLANG_ANALYZER_NONNULL = YES;
				CLANG_CXX_LANGUAGE_STANDARD = "gnu++0x";
				CLANG_CXX_LIBRARY = "libc++";
				CLANG_ENABLE_MODULES = YES;
				CLANG_ENABLE_OBJC_ARC = YES;
				CLANG_WARN_BOOL_CONVERSION = YES;
				CLANG_WARN_CONSTANT_CONVERSION = YES;
				CLANG_WARN_DIRECT_OBJC_ISA_USAGE = YES_ERROR;
				CLANG_WARN_DOCUMENTATION_COMMENTS = YES;
				CLANG_WARN_EMPTY_BODY = YES;
				CLANG_WARN_ENUM_CONVERSION = YES;
				CLANG_WARN_INFINITE_RECURSION = YES;
				CLANG_WARN_INT_CONVERSION = YES;
				CLANG_WARN_OBJC_ROOT_CLASS = YES_ERROR;
				CLANG_WARN_SUSPICIOUS_MOVE = YES;
				CLANG_WARN_UNREACHABLE_CODE = YES;
				CLANG_WARN__DUPLICATE_METHOD_MATCH = YES;
				"CODE_SIGN_IDENTITY[sdk=iphoneos*]" = "iPhone Developer";
				COPY_PHASE_STRIP = NO;
				DEBUG_INFORMATION_FORMAT = dwarf;
				ENABLE_STRICT_OBJC_MSGSEND = YES;
				ENABLE_TESTABILITY = YES;
				GCC_C_LANGUAGE_STANDARD = gnu99;
				GCC_DYNAMIC_NO_PIC = NO;
				GCC_NO_COMMON_BLOCKS = YES;
				GCC_OPTIMIZATION_LEVEL = 0;
				GCC_PREPROCESSOR_DEFINITIONS = (
					"DEBUG=1",
					"$(inherited)",
				);
				GCC_WARN_64_TO_32_BIT_CONVERSION = YES;
				GCC_WARN_ABOUT_RETURN_TYPE = YES_ERROR;
				GCC_WARN_UNDECLARED_SELECTOR = YES;
				GCC_WARN_UNINITIALIZED_AUTOS = YES_AGGRESSIVE;
				GCC_WARN_UNUSED_FUNCTION = YES;
				GCC_WARN_UNUSED_VARIABLE = YES;
				IPHONEOS_DEPLOYMENT_TARGET = 10.2;
				MTL_ENABLE_DEBUG_INFO = YES;
				ONLY_ACTIVE_ARCH = YES;
				SDKROOT = iphoneos;
				SWIFT_ACTIVE_COMPILATION_CONDITIONS = DEBUG;
				SWIFT_OPTIMIZATION_LEVEL = "-Onone";
				TARGETED_DEVICE_FAMILY = "1,2";
			};
			name = Debug;
		};
		AAE914661E25D65D000F25C1 /* Release */ = {
			isa = XCBuildConfiguration;
			buildSettings = {
				ALWAYS_SEARCH_USER_PATHS = NO;
				CLANG_ANALYZER_NONNULL = YES;
				CLANG_CXX_LANGUAGE_STANDARD = "gnu++0x";
				CLANG_CXX_LIBRARY = "libc++";
				CLANG_ENABLE_MODULES = YES;
				CLANG_ENABLE_OBJC_ARC = YES;
				CLANG_WARN_BOOL_CONVERSION = YES;
				CLANG_WARN_CONSTANT_CONVERSION = YES;
				CLANG_WARN_DIRECT_OBJC_ISA_USAGE = YES_ERROR;
				CLANG_WARN_DOCUMENTATION_COMMENTS = YES;
				CLANG_WARN_EMPTY_BODY = YES;
				CLANG_WARN_ENUM_CONVERSION = YES;
				CLANG_WARN_INFINITE_RECURSION = YES;
				CLANG_WARN_INT_CONVERSION = YES;
				CLANG_WARN_OBJC_ROOT_CLASS = YES_ERROR;
				CLANG_WARN_SUSPICIOUS_MOVE = YES;
				CLANG_WARN_UNREACHABLE_CODE = YES;
				CLANG_WARN__DUPLICATE_METHOD_MATCH = YES;
				"CODE_SIGN_IDENTITY[sdk=iphoneos*]" = "iPhone Developer";
				COPY_PHASE_STRIP = NO;
				DEBUG_INFORMATION_FORMAT = "dwarf-with-dsym";
				ENABLE_NS_ASSERTIONS = NO;
				ENABLE_STRICT_OBJC_MSGSEND = YES;
				GCC_C_LANGUAGE_STANDARD = gnu99;
				GCC_NO_COMMON_BLOCKS = YES;
				GCC_WARN_64_TO_32_BIT_CONVERSION = YES;
				GCC_WARN_ABOUT_RETURN_TYPE = YES_ERROR;
				GCC_WARN_UNDECLARED_SELECTOR = YES;
				GCC_WARN_UNINITIALIZED_AUTOS = YES_AGGRESSIVE;
				GCC_WARN_UNUSED_FUNCTION = YES;
				GCC_WARN_UNUSED_VARIABLE = YES;
				IPHONEOS_DEPLOYMENT_TARGET = 10.2;
				MTL_ENABLE_DEBUG_INFO = NO;
				SDKROOT = iphoneos;
				SWIFT_OPTIMIZATION_LEVEL = "-Owholemodule";
				TARGETED_DEVICE_FAMILY = "1,2";
				VALIDATE_PRODUCT = YES;
			};
			name = Release;
		};
		AAE914681E25D65D000F25C1 /* Debug */ = {
			isa = XCBuildConfiguration;
			buildSettings = {
				ASSETCATALOG_COMPILER_APPICON_NAME = AppIcon;
				ASSETCATALOG_COMPILER_LAUNCHIMAGE_NAME = LaunchImage;
				CLANG_ENABLE_MODULES = YES;
				COPY_HEADERS_RUN_UNIFDEF = NO;
				DEVELOPMENT_TEAM = SWZ7G84L24;
				INFOPLIST_FILE = iScan/Info.plist;
				IPHONEOS_DEPLOYMENT_TARGET = 9.0;
				LD_RUNPATH_SEARCH_PATHS = "$(inherited) @executable_path/Frameworks";
				PRODUCT_BUNDLE_IDENTIFIER = com.CarpenterBlood.iScan;
				PRODUCT_NAME = "$(TARGET_NAME)";
				SWIFT_OBJC_BRIDGING_HEADER = "iScan/iScan-Bridging-Header.h";
				SWIFT_OPTIMIZATION_LEVEL = "-Onone";
				SWIFT_VERSION = 3.0;
			};
			name = Debug;
		};
		AAE914691E25D65D000F25C1 /* Release */ = {
			isa = XCBuildConfiguration;
			buildSettings = {
				ASSETCATALOG_COMPILER_APPICON_NAME = AppIcon;
				ASSETCATALOG_COMPILER_LAUNCHIMAGE_NAME = LaunchImage;
				CLANG_ENABLE_MODULES = YES;
				COPY_HEADERS_RUN_UNIFDEF = NO;
				DEVELOPMENT_TEAM = SWZ7G84L24;
				INFOPLIST_FILE = iScan/Info.plist;
				IPHONEOS_DEPLOYMENT_TARGET = 9.0;
				LD_RUNPATH_SEARCH_PATHS = "$(inherited) @executable_path/Frameworks";
				PRODUCT_BUNDLE_IDENTIFIER = com.CarpenterBlood.iScan;
				PRODUCT_NAME = "$(TARGET_NAME)";
				SWIFT_OBJC_BRIDGING_HEADER = "iScan/iScan-Bridging-Header.h";
				SWIFT_VERSION = 3.0;
			};
			name = Release;
		};
/* End XCBuildConfiguration section */

/* Begin XCConfigurationList section */
		AAE914501E25D65D000F25C1 /* Build configuration list for PBXProject "iScan" */ = {
			isa = XCConfigurationList;
			buildConfigurations = (
				AAE914651E25D65D000F25C1 /* Debug */,
				AAE914661E25D65D000F25C1 /* Release */,
			);
			defaultConfigurationIsVisible = 0;
			defaultConfigurationName = Release;
		};
		AAE914671E25D65D000F25C1 /* Build configuration list for PBXNativeTarget "iScan" */ = {
			isa = XCConfigurationList;
			buildConfigurations = (
				AAE914681E25D65D000F25C1 /* Debug */,
				AAE914691E25D65D000F25C1 /* Release */,
			);
			defaultConfigurationIsVisible = 0;
			defaultConfigurationName = Release;
		};
/* End XCConfigurationList section */

/* Begin XCVersionGroup section */
		AA00EC801E368C1D0092523B /* SaveScan.xcdatamodeld */ = {
			isa = XCVersionGroup;
			children = (
				AA00EC811E368C1D0092523B /* SaveScan.xcdatamodel */,
			);
			currentVersion = AA00EC811E368C1D0092523B /* SaveScan.xcdatamodel */;
			path = SaveScan.xcdatamodeld;
			sourceTree = "<group>";
			versionGroupType = wrapper.xcdatamodel;
		};
/* End XCVersionGroup section */
	};
	rootObject = AAE9144D1E25D65D000F25C1 /* Project object */;
}
