// !$*UTF8*$!
{
	archiveVersion = 1;
	classes = {
	};
	objectVersion = 46;
	objects = {

/* Begin PBXBuildFile section */
		AA35A3B21E49B77700DFA339 /* DocumentViewController.swift in Sources */ = {isa = PBXBuildFile; fileRef = AA35A3B11E49B77700DFA339 /* DocumentViewController.swift */; };
		AA75CFE11E27DE3900572122 /* MainViewController.swift in Sources */ = {isa = PBXBuildFile; fileRef = AA75CFE01E27DE3900572122 /* MainViewController.swift */; };
		AA75CFE31E27DE5300572122 /* GenerateViewController.swift in Sources */ = {isa = PBXBuildFile; fileRef = AA75CFE21E27DE5300572122 /* GenerateViewController.swift */; };
		AA77384E1E556CCA0096306B /* TableViewController.swift in Sources */ = {isa = PBXBuildFile; fileRef = AA77384D1E556CCA0096306B /* TableViewController.swift */; };
		AA859C1B1E4E64240080F046 /* DocCollectionViewController.swift in Sources */ = {isa = PBXBuildFile; fileRef = AA859C1A1E4E64240080F046 /* DocCollectionViewController.swift */; };
		AA859C211E4E7D1B0080F046 /* CollectionViewCell.swift in Sources */ = {isa = PBXBuildFile; fileRef = AA859C201E4E7D1B0080F046 /* CollectionViewCell.swift */; };
		AADCCC981E36FC1D00B4488E /* TableVController.swift in Sources */ = {isa = PBXBuildFile; fileRef = AADCCC971E36FC1D00B4488E /* TableVController.swift */; };
		AADCCC9B1E37005A00B4488E /* Main.storyboard in Resources */ = {isa = PBXBuildFile; fileRef = AADCCC991E37005A00B4488E /* Main.storyboard */; };
		AAE914591E25D65D000F25C1 /* AppDelegate.swift in Sources */ = {isa = PBXBuildFile; fileRef = AAE914581E25D65D000F25C1 /* AppDelegate.swift */; };
		AAE9145B1E25D65D000F25C1 /* ViewController.swift in Sources */ = {isa = PBXBuildFile; fileRef = AAE9145A1E25D65D000F25C1 /* ViewController.swift */; };
		AAE914601E25D65D000F25C1 /* Assets.xcassets in Resources */ = {isa = PBXBuildFile; fileRef = AAE9145F1E25D65D000F25C1 /* Assets.xcassets */; };
		AAE914631E25D65D000F25C1 /* LaunchScreen.storyboard in Resources */ = {isa = PBXBuildFile; fileRef = AAE914611E25D65D000F25C1 /* LaunchScreen.storyboard */; };
		D6F191D0DFC73DDF35E77FA7 /* libPods-iScan.a in Frameworks */ = {isa = PBXBuildFile; fileRef = 310E67C6E3C965BE02CA888E /* libPods-iScan.a */; };
		F211222E1FAE49FB0088DEBE /* RateApp.h in Headers */ = {isa = PBXBuildFile; fileRef = F211222C1FAE49FB0088DEBE /* RateApp.h */; settings = {ATTRIBUTES = (Public, ); }; };
		F21122311FAE49FB0088DEBE /* RateApp.framework in Frameworks */ = {isa = PBXBuildFile; fileRef = F211222A1FAE49FB0088DEBE /* RateApp.framework */; };
		F21122321FAE49FB0088DEBE /* RateApp.framework in Embed Frameworks */ = {isa = PBXBuildFile; fileRef = F211222A1FAE49FB0088DEBE /* RateApp.framework */; settings = {ATTRIBUTES = (CodeSignOnCopy, RemoveHeadersOnCopy, ); }; };
		F21122381FAE4AA30088DEBE /* APIRateApp.swift in Sources */ = {isa = PBXBuildFile; fileRef = F21122371FAE4AA30088DEBE /* APIRateApp.swift */; };
		F221CB831ED6801C00D01C88 /* SideRevealViewController.swift in Sources */ = {isa = PBXBuildFile; fileRef = F221CB821ED6801C00D01C88 /* SideRevealViewController.swift */; };
		F221CB851ED680B400D01C88 /* MenuViewController.swift in Sources */ = {isa = PBXBuildFile; fileRef = F221CB841ED680B400D01C88 /* MenuViewController.swift */; };
		F241B7D01ED726F80021E8F9 /* ProductCell.swift in Sources */ = {isa = PBXBuildFile; fileRef = F241B7CF1ED726F80021E8F9 /* ProductCell.swift */; };
		F241B7D21ED73D3F0021E8F9 /* StoreKit.framework in Frameworks */ = {isa = PBXBuildFile; fileRef = F241B7D11ED73D3F0021E8F9 /* StoreKit.framework */; };
		F24494A51FAB239900AC4037 /* SaveScan.xcdatamodel in Sources */ = {isa = PBXBuildFile; fileRef = F24494A41FAB239800AC4037 /* SaveScan.xcdatamodel */; };
		F2734C2B1ED0942D00B8FD5F /* DocumentCollectionViewController.swift in Sources */ = {isa = PBXBuildFile; fileRef = F2734C2A1ED0942D00B8FD5F /* DocumentCollectionViewController.swift */; };
		F27BDDF31ED2AFEB007D9E23 /* iScanProducts.swift in Sources */ = {isa = PBXBuildFile; fileRef = F27BDDF21ED2AFEB007D9E23 /* iScanProducts.swift */; };
		F27BDDF51ED2AFF6007D9E23 /* IAPHelper.swift in Sources */ = {isa = PBXBuildFile; fileRef = F27BDDF41ED2AFF6007D9E23 /* IAPHelper.swift */; };
		F286ADEC1E6A0BAD00FE1043 /* DocScannerViewController.swift in Sources */ = {isa = PBXBuildFile; fileRef = F286ADEB1E6A0BAD00FE1043 /* DocScannerViewController.swift */; };
		F2B59E641FAA0D6B004F7EF3 /* DocScannerController.swift in Sources */ = {isa = PBXBuildFile; fileRef = F2B59E631FAA0D6B004F7EF3 /* DocScannerController.swift */; };
		F2BD31871FAEA783001F4F13 /* GoogleService-Info.plist in Resources */ = {isa = PBXBuildFile; fileRef = F2BD31861FAEA783001F4F13 /* GoogleService-Info.plist */; };
		F2BD659F1ED8CF5900BD3211 /* BarcodeTableViewController.swift in Sources */ = {isa = PBXBuildFile; fileRef = F2BD659E1ED8CF5900BD3211 /* BarcodeTableViewController.swift */; };
/* End PBXBuildFile section */

/* Begin PBXContainerItemProxy section */
		F211222F1FAE49FB0088DEBE /* PBXContainerItemProxy */ = {
			isa = PBXContainerItemProxy;
			containerPortal = AAE9144D1E25D65D000F25C1 /* Project object */;
			proxyType = 1;
			remoteGlobalIDString = F21122291FAE49FB0088DEBE;
			remoteInfo = RateApp;
		};
/* End PBXContainerItemProxy section */

/* Begin PBXCopyFilesBuildPhase section */
		F21122361FAE49FB0088DEBE /* Embed Frameworks */ = {
			isa = PBXCopyFilesBuildPhase;
			buildActionMask = 2147483647;
			dstPath = "";
			dstSubfolderSpec = 10;
			files = (
				F21122321FAE49FB0088DEBE /* RateApp.framework in Embed Frameworks */,
			);
			name = "Embed Frameworks";
			runOnlyForDeploymentPostprocessing = 0;
		};
/* End PBXCopyFilesBuildPhase section */

/* Begin PBXFileReference section */
		310E67C6E3C965BE02CA888E /* libPods-iScan.a */ = {isa = PBXFileReference; explicitFileType = archive.ar; includeInIndex = 0; path = "libPods-iScan.a"; sourceTree = BUILT_PRODUCTS_DIR; };
		52FFCA7BA10E80FB98DB40D0 /* Pods-iScan.release.xcconfig */ = {isa = PBXFileReference; includeInIndex = 1; lastKnownFileType = text.xcconfig; name = "Pods-iScan.release.xcconfig"; path = "Pods/Target Support Files/Pods-iScan/Pods-iScan.release.xcconfig"; sourceTree = "<group>"; };
		AA35A3B11E49B77700DFA339 /* DocumentViewController.swift */ = {isa = PBXFileReference; fileEncoding = 4; lastKnownFileType = sourcecode.swift; path = DocumentViewController.swift; sourceTree = "<group>"; };
		AA75CFE01E27DE3900572122 /* MainViewController.swift */ = {isa = PBXFileReference; fileEncoding = 4; lastKnownFileType = sourcecode.swift; path = MainViewController.swift; sourceTree = "<group>"; };
		AA75CFE21E27DE5300572122 /* GenerateViewController.swift */ = {isa = PBXFileReference; fileEncoding = 4; lastKnownFileType = sourcecode.swift; path = GenerateViewController.swift; sourceTree = "<group>"; };
		AA77384D1E556CCA0096306B /* TableViewController.swift */ = {isa = PBXFileReference; fileEncoding = 4; lastKnownFileType = sourcecode.swift; path = TableViewController.swift; sourceTree = "<group>"; };
		AA859C1A1E4E64240080F046 /* DocCollectionViewController.swift */ = {isa = PBXFileReference; fileEncoding = 4; lastKnownFileType = sourcecode.swift; path = DocCollectionViewController.swift; sourceTree = "<group>"; };
		AA859C201E4E7D1B0080F046 /* CollectionViewCell.swift */ = {isa = PBXFileReference; fileEncoding = 4; lastKnownFileType = sourcecode.swift; path = CollectionViewCell.swift; sourceTree = "<group>"; };
		AADCCC971E36FC1D00B4488E /* TableVController.swift */ = {isa = PBXFileReference; fileEncoding = 4; lastKnownFileType = sourcecode.swift; path = TableVController.swift; sourceTree = "<group>"; };
		AADCCC9A1E37005A00B4488E /* Base */ = {isa = PBXFileReference; lastKnownFileType = file.storyboard; name = Base; path = Base.lproj/Main.storyboard; sourceTree = "<group>"; };
		AAE914551E25D65D000F25C1 /* iScan.app */ = {isa = PBXFileReference; explicitFileType = wrapper.application; includeInIndex = 0; path = iScan.app; sourceTree = BUILT_PRODUCTS_DIR; };
		AAE914581E25D65D000F25C1 /* AppDelegate.swift */ = {isa = PBXFileReference; lastKnownFileType = sourcecode.swift; path = AppDelegate.swift; sourceTree = "<group>"; };
		AAE9145A1E25D65D000F25C1 /* ViewController.swift */ = {isa = PBXFileReference; lastKnownFileType = sourcecode.swift; path = ViewController.swift; sourceTree = "<group>"; };
		AAE9145F1E25D65D000F25C1 /* Assets.xcassets */ = {isa = PBXFileReference; lastKnownFileType = folder.assetcatalog; path = Assets.xcassets; sourceTree = "<group>"; };
		AAE914621E25D65D000F25C1 /* Base */ = {isa = PBXFileReference; lastKnownFileType = file.storyboard; name = Base; path = Base.lproj/LaunchScreen.storyboard; sourceTree = "<group>"; };
		AAE914641E25D65D000F25C1 /* Info.plist */ = {isa = PBXFileReference; lastKnownFileType = text.plist.xml; path = Info.plist; sourceTree = "<group>"; };
		F211222A1FAE49FB0088DEBE /* RateApp.framework */ = {isa = PBXFileReference; explicitFileType = wrapper.framework; includeInIndex = 0; path = RateApp.framework; sourceTree = BUILT_PRODUCTS_DIR; };
		F211222C1FAE49FB0088DEBE /* RateApp.h */ = {isa = PBXFileReference; lastKnownFileType = sourcecode.c.h; path = RateApp.h; sourceTree = "<group>"; };
		F211222D1FAE49FB0088DEBE /* Info.plist */ = {isa = PBXFileReference; lastKnownFileType = text.plist.xml; path = Info.plist; sourceTree = "<group>"; };
		F21122371FAE4AA30088DEBE /* APIRateApp.swift */ = {isa = PBXFileReference; lastKnownFileType = sourcecode.swift; path = APIRateApp.swift; sourceTree = "<group>"; };
		F221CB821ED6801C00D01C88 /* SideRevealViewController.swift */ = {isa = PBXFileReference; fileEncoding = 4; lastKnownFileType = sourcecode.swift; path = SideRevealViewController.swift; sourceTree = "<group>"; };
		F221CB841ED680B400D01C88 /* MenuViewController.swift */ = {isa = PBXFileReference; fileEncoding = 4; lastKnownFileType = sourcecode.swift; path = MenuViewController.swift; sourceTree = "<group>"; };
		F241B7CF1ED726F80021E8F9 /* ProductCell.swift */ = {isa = PBXFileReference; fileEncoding = 4; lastKnownFileType = sourcecode.swift; path = ProductCell.swift; sourceTree = "<group>"; };
		F241B7D11ED73D3F0021E8F9 /* StoreKit.framework */ = {isa = PBXFileReference; lastKnownFileType = wrapper.framework; name = StoreKit.framework; path = System/Library/Frameworks/StoreKit.framework; sourceTree = SDKROOT; };
		F24494A41FAB239800AC4037 /* SaveScan.xcdatamodel */ = {isa = PBXFileReference; lastKnownFileType = wrapper.xcdatamodel; path = SaveScan.xcdatamodel; sourceTree = "<group>"; };
		F2734C2A1ED0942D00B8FD5F /* DocumentCollectionViewController.swift */ = {isa = PBXFileReference; fileEncoding = 4; lastKnownFileType = sourcecode.swift; path = DocumentCollectionViewController.swift; sourceTree = "<group>"; };
		F27BDDF21ED2AFEB007D9E23 /* iScanProducts.swift */ = {isa = PBXFileReference; fileEncoding = 4; lastKnownFileType = sourcecode.swift; path = iScanProducts.swift; sourceTree = "<group>"; };
		F27BDDF41ED2AFF6007D9E23 /* IAPHelper.swift */ = {isa = PBXFileReference; fileEncoding = 4; lastKnownFileType = sourcecode.swift; path = IAPHelper.swift; sourceTree = "<group>"; };
		F286ADEB1E6A0BAD00FE1043 /* DocScannerViewController.swift */ = {isa = PBXFileReference; fileEncoding = 4; lastKnownFileType = sourcecode.swift; path = DocScannerViewController.swift; sourceTree = "<group>"; };
		F2B59E631FAA0D6B004F7EF3 /* DocScannerController.swift */ = {isa = PBXFileReference; fileEncoding = 4; lastKnownFileType = sourcecode.swift; path = DocScannerController.swift; sourceTree = "<group>"; };
		F2BD31861FAEA783001F4F13 /* GoogleService-Info.plist */ = {isa = PBXFileReference; fileEncoding = 4; lastKnownFileType = text.plist.xml; path = "GoogleService-Info.plist"; sourceTree = "<group>"; };
		F2BD659E1ED8CF5900BD3211 /* BarcodeTableViewController.swift */ = {isa = PBXFileReference; fileEncoding = 4; lastKnownFileType = sourcecode.swift; path = BarcodeTableViewController.swift; sourceTree = "<group>"; };
		F2E47A671EBE526B00B5BE56 /* iScan.entitlements */ = {isa = PBXFileReference; lastKnownFileType = text.plist.entitlements; path = iScan.entitlements; sourceTree = "<group>"; };
		F7DFDD291BD2B79926BD0192 /* Pods-iScan.debug.xcconfig */ = {isa = PBXFileReference; includeInIndex = 1; lastKnownFileType = text.xcconfig; name = "Pods-iScan.debug.xcconfig"; path = "Pods/Target Support Files/Pods-iScan/Pods-iScan.debug.xcconfig"; sourceTree = "<group>"; };
/* End PBXFileReference section */

/* Begin PBXFrameworksBuildPhase section */
		AAE914521E25D65D000F25C1 /* Frameworks */ = {
			isa = PBXFrameworksBuildPhase;
			buildActionMask = 2147483647;
			files = (
				D6F191D0DFC73DDF35E77FA7 /* libPods-iScan.a in Frameworks */,
				F241B7D21ED73D3F0021E8F9 /* StoreKit.framework in Frameworks */,
				F21122311FAE49FB0088DEBE /* RateApp.framework in Frameworks */,
			);
			runOnlyForDeploymentPostprocessing = 0;
		};
		F21122261FAE49FB0088DEBE /* Frameworks */ = {
			isa = PBXFrameworksBuildPhase;
			buildActionMask = 2147483647;
			files = (
			);
			runOnlyForDeploymentPostprocessing = 0;
		};
/* End PBXFrameworksBuildPhase section */

/* Begin PBXGroup section */
		A3F2C7ACAE3856B1AABAA8BF /* Pods */ = {
			isa = PBXGroup;
			children = (
				F7DFDD291BD2B79926BD0192 /* Pods-iScan.debug.xcconfig */,
				52FFCA7BA10E80FB98DB40D0 /* Pods-iScan.release.xcconfig */,
			);
			name = Pods;
			sourceTree = "<group>";
		};
		AA859C221E4E9B810080F046 /* Document history */ = {
			isa = PBXGroup;
			children = (
				AA35A3B11E49B77700DFA339 /* DocumentViewController.swift */,
				AA859C201E4E7D1B0080F046 /* CollectionViewCell.swift */,
				F2734C2A1ED0942D00B8FD5F /* DocumentCollectionViewController.swift */,
				AA77384D1E556CCA0096306B /* TableViewController.swift */,
				AA859C1A1E4E64240080F046 /* DocCollectionViewController.swift */,
			);
			name = "Document history";
			sourceTree = "<group>";
		};
		AA859C231E4E9C620080F046 /* Doc Scanning */ = {
			isa = PBXGroup;
			children = (
				F2B59E631FAA0D6B004F7EF3 /* DocScannerController.swift */,
				F286ADEB1E6A0BAD00FE1043 /* DocScannerViewController.swift */,
			);
			name = "Doc Scanning";
			sourceTree = "<group>";
		};
		AA859C241E4E9C8B0080F046 /* Barcode reading */ = {
			isa = PBXGroup;
			children = (
				AAE9145A1E25D65D000F25C1 /* ViewController.swift */,
				F2BD659E1ED8CF5900BD3211 /* BarcodeTableViewController.swift */,
				AADCCC971E36FC1D00B4488E /* TableVController.swift */,
			);
			name = "Barcode reading";
			sourceTree = "<group>";
		};
		AAE9144C1E25D65D000F25C1 = {
			isa = PBXGroup;
			children = (
				AAE914571E25D65D000F25C1 /* iScan */,
				F211222B1FAE49FB0088DEBE /* RateApp */,
				AAE914561E25D65D000F25C1 /* Products */,
				AAF29F611E2D95F600E19751 /* Frameworks */,
				A3F2C7ACAE3856B1AABAA8BF /* Pods */,
			);
			sourceTree = "<group>";
		};
		AAE914561E25D65D000F25C1 /* Products */ = {
			isa = PBXGroup;
			children = (
				AAE914551E25D65D000F25C1 /* iScan.app */,
				F211222A1FAE49FB0088DEBE /* RateApp.framework */,
			);
			name = Products;
			sourceTree = "<group>";
		};
		AAE914571E25D65D000F25C1 /* iScan */ = {
			isa = PBXGroup;
			children = (
				AAE914581E25D65D000F25C1 /* AppDelegate.swift */,
				AA75CFE21E27DE5300572122 /* GenerateViewController.swift */,
				AA75CFE01E27DE3900572122 /* MainViewController.swift */,
				F27BDDF21ED2AFEB007D9E23 /* iScanProducts.swift */,
				F241B7CF1ED726F80021E8F9 /* ProductCell.swift */,
				F221CB841ED680B400D01C88 /* MenuViewController.swift */,
				F221CB821ED6801C00D01C88 /* SideRevealViewController.swift */,
				F27BDDF41ED2AFF6007D9E23 /* IAPHelper.swift */,
				F24494A41FAB239800AC4037 /* SaveScan.xcdatamodel */,
				F2E47A671EBE526B00B5BE56 /* iScan.entitlements */,
				AADCCC991E37005A00B4488E /* Main.storyboard */,
				AAE914611E25D65D000F25C1 /* LaunchScreen.storyboard */,
				AAE9145F1E25D65D000F25C1 /* Assets.xcassets */,
				F2BD31861FAEA783001F4F13 /* GoogleService-Info.plist */,
				AAE914641E25D65D000F25C1 /* Info.plist */,
				AA859C241E4E9C8B0080F046 /* Barcode reading */,
				AA859C231E4E9C620080F046 /* Doc Scanning */,
				AA859C221E4E9B810080F046 /* Document history */,
			);
			path = iScan;
			sourceTree = "<group>";
		};
		AAF29F611E2D95F600E19751 /* Frameworks */ = {
			isa = PBXGroup;
			children = (
				F241B7D11ED73D3F0021E8F9 /* StoreKit.framework */,
				310E67C6E3C965BE02CA888E /* libPods-iScan.a */,
			);
			name = Frameworks;
			sourceTree = "<group>";
		};
		F211222B1FAE49FB0088DEBE /* RateApp */ = {
			isa = PBXGroup;
			children = (
				F21122371FAE4AA30088DEBE /* APIRateApp.swift */,
				F211222C1FAE49FB0088DEBE /* RateApp.h */,
				F211222D1FAE49FB0088DEBE /* Info.plist */,
			);
			path = RateApp;
			sourceTree = "<group>";
		};
/* End PBXGroup section */

/* Begin PBXHeadersBuildPhase section */
		F21122271FAE49FB0088DEBE /* Headers */ = {
			isa = PBXHeadersBuildPhase;
			buildActionMask = 2147483647;
			files = (
				F211222E1FAE49FB0088DEBE /* RateApp.h in Headers */,
			);
			runOnlyForDeploymentPostprocessing = 0;
		};
/* End PBXHeadersBuildPhase section */

/* Begin PBXNativeTarget section */
		AAE914541E25D65D000F25C1 /* iScan */ = {
			isa = PBXNativeTarget;
			buildConfigurationList = AAE914671E25D65D000F25C1 /* Build configuration list for PBXNativeTarget "iScan" */;
			buildPhases = (
				E3C6D046CDDB148D3AB5B420 /* [CP] Check Pods Manifest.lock */,
				AAE914511E25D65D000F25C1 /* Sources */,
				AAE914521E25D65D000F25C1 /* Frameworks */,
				AAE914531E25D65D000F25C1 /* Resources */,
				24067274A9CA0FB9101DE1DF /* [CP] Embed Pods Frameworks */,
				F6FC1BA38E8C9650044AAD13 /* [CP] Copy Pods Resources */,
				F21122361FAE49FB0088DEBE /* Embed Frameworks */,
			);
			buildRules = (
			);
			dependencies = (
				F21122301FAE49FB0088DEBE /* PBXTargetDependency */,
			);
			name = iScan;
			productName = iScan;
			productReference = AAE914551E25D65D000F25C1 /* iScan.app */;
			productType = "com.apple.product-type.application";
		};
		F21122291FAE49FB0088DEBE /* RateApp */ = {
			isa = PBXNativeTarget;
			buildConfigurationList = F21122351FAE49FB0088DEBE /* Build configuration list for PBXNativeTarget "RateApp" */;
			buildPhases = (
				F21122251FAE49FB0088DEBE /* Sources */,
				F21122261FAE49FB0088DEBE /* Frameworks */,
				F21122271FAE49FB0088DEBE /* Headers */,
				F21122281FAE49FB0088DEBE /* Resources */,
			);
			buildRules = (
			);
			dependencies = (
			);
			name = RateApp;
			productName = RateApp;
			productReference = F211222A1FAE49FB0088DEBE /* RateApp.framework */;
			productType = "com.apple.product-type.framework";
		};
/* End PBXNativeTarget section */

/* Begin PBXProject section */
		AAE9144D1E25D65D000F25C1 /* Project object */ = {
			isa = PBXProject;
			attributes = {
				LastSwiftUpdateCheck = 0820;
				LastUpgradeCheck = 1010;
				ORGANIZATIONNAME = "William Thompson";
				TargetAttributes = {
					AAE914541E25D65D000F25C1 = {
						CreatedOnToolsVersion = 8.2.1;
						DevelopmentTeam = SWZ7G84L24;
						LastSwiftMigration = 0900;
						ProvisioningStyle = Automatic;
						SystemCapabilities = {
							com.apple.InAppPurchase = {
								enabled = 1;
							};
							com.apple.Push = {
								enabled = 1;
							};
						};
					};
					F21122291FAE49FB0088DEBE = {
						CreatedOnToolsVersion = 9.1;
						DevelopmentTeam = SWZ7G84L24;
						LastSwiftMigration = 0910;
						ProvisioningStyle = Automatic;
					};
				};
			};
			buildConfigurationList = AAE914501E25D65D000F25C1 /* Build configuration list for PBXProject "iScan" */;
			compatibilityVersion = "Xcode 3.2";
			developmentRegion = English;
			hasScannedForEncodings = 0;
			knownRegions = (
				en,
				Base,
			);
			mainGroup = AAE9144C1E25D65D000F25C1;
			productRefGroup = AAE914561E25D65D000F25C1 /* Products */;
			projectDirPath = "";
			projectRoot = "";
			targets = (
				AAE914541E25D65D000F25C1 /* iScan */,
				F21122291FAE49FB0088DEBE /* RateApp */,
			);
		};
/* End PBXProject section */

/* Begin PBXResourcesBuildPhase section */
		AAE914531E25D65D000F25C1 /* Resources */ = {
			isa = PBXResourcesBuildPhase;
			buildActionMask = 2147483647;
			files = (
				AADCCC9B1E37005A00B4488E /* Main.storyboard in Resources */,
				F2BD31871FAEA783001F4F13 /* GoogleService-Info.plist in Resources */,
				AAE914631E25D65D000F25C1 /* LaunchScreen.storyboard in Resources */,
				AAE914601E25D65D000F25C1 /* Assets.xcassets in Resources */,
			);
			runOnlyForDeploymentPostprocessing = 0;
		};
		F21122281FAE49FB0088DEBE /* Resources */ = {
			isa = PBXResourcesBuildPhase;
			buildActionMask = 2147483647;
			files = (
			);
			runOnlyForDeploymentPostprocessing = 0;
		};
/* End PBXResourcesBuildPhase section */

/* Begin PBXShellScriptBuildPhase section */
		24067274A9CA0FB9101DE1DF /* [CP] Embed Pods Frameworks */ = {
			isa = PBXShellScriptBuildPhase;
			buildActionMask = 2147483647;
			files = (
			);
			inputPaths = (
			);
			name = "[CP] Embed Pods Frameworks";
			outputPaths = (
			);
			runOnlyForDeploymentPostprocessing = 0;
			shellPath = /bin/sh;
			shellScript = "\"${SRCROOT}/Pods/Target Support Files/Pods-iScan/Pods-iScan-frameworks.sh\"\n";
			showEnvVarsInLog = 0;
		};
		E3C6D046CDDB148D3AB5B420 /* [CP] Check Pods Manifest.lock */ = {
			isa = PBXShellScriptBuildPhase;
			buildActionMask = 2147483647;
			files = (
			);
			inputPaths = (
				"${PODS_PODFILE_DIR_PATH}/Podfile.lock",
				"${PODS_ROOT}/Manifest.lock",
			);
			name = "[CP] Check Pods Manifest.lock";
			outputPaths = (
				"$(DERIVED_FILE_DIR)/Pods-iScan-checkManifestLockResult.txt",
			);
			runOnlyForDeploymentPostprocessing = 0;
			shellPath = /bin/sh;
			shellScript = "diff \"${PODS_PODFILE_DIR_PATH}/Podfile.lock\" \"${PODS_ROOT}/Manifest.lock\" > /dev/null\nif [ $? != 0 ] ; then\n    # print error to STDERR\n    echo \"error: The sandbox is not in sync with the Podfile.lock. Run 'pod install' or update your CocoaPods installation.\" >&2\n    exit 1\nfi\n# This output is used by Xcode 'outputs' to avoid re-running this script phase.\necho \"SUCCESS\" > \"${SCRIPT_OUTPUT_FILE_0}\"\n";
			showEnvVarsInLog = 0;
		};
		F6FC1BA38E8C9650044AAD13 /* [CP] Copy Pods Resources */ = {
			isa = PBXShellScriptBuildPhase;
			buildActionMask = 2147483647;
			files = (
			);
			inputPaths = (
			);
			name = "[CP] Copy Pods Resources";
			outputPaths = (
			);
			runOnlyForDeploymentPostprocessing = 0;
			shellPath = /bin/sh;
			shellScript = "\"${SRCROOT}/Pods/Target Support Files/Pods-iScan/Pods-iScan-resources.sh\"\n";
			showEnvVarsInLog = 0;
		};
/* End PBXShellScriptBuildPhase section */

/* Begin PBXSourcesBuildPhase section */
		AAE914511E25D65D000F25C1 /* Sources */ = {
			isa = PBXSourcesBuildPhase;
			buildActionMask = 2147483647;
			files = (
				AA75CFE11E27DE3900572122 /* MainViewController.swift in Sources */,
				AA77384E1E556CCA0096306B /* TableViewController.swift in Sources */,
				F2BD659F1ED8CF5900BD3211 /* BarcodeTableViewController.swift in Sources */,
				AADCCC981E36FC1D00B4488E /* TableVController.swift in Sources */,
				F24494A51FAB239900AC4037 /* SaveScan.xcdatamodel in Sources */,
				AA75CFE31E27DE5300572122 /* GenerateViewController.swift in Sources */,
				AA35A3B21E49B77700DFA339 /* DocumentViewController.swift in Sources */,
				F2B59E641FAA0D6B004F7EF3 /* DocScannerController.swift in Sources */,
				F286ADEC1E6A0BAD00FE1043 /* DocScannerViewController.swift in Sources */,
				AAE9145B1E25D65D000F25C1 /* ViewController.swift in Sources */,
				AA859C211E4E7D1B0080F046 /* CollectionViewCell.swift in Sources */,
				AAE914591E25D65D000F25C1 /* AppDelegate.swift in Sources */,
				F221CB851ED680B400D01C88 /* MenuViewController.swift in Sources */,
				AA859C1B1E4E64240080F046 /* DocCollectionViewController.swift in Sources */,
				F221CB831ED6801C00D01C88 /* SideRevealViewController.swift in Sources */,
				F27BDDF31ED2AFEB007D9E23 /* iScanProducts.swift in Sources */,
				F241B7D01ED726F80021E8F9 /* ProductCell.swift in Sources */,
				F27BDDF51ED2AFF6007D9E23 /* IAPHelper.swift in Sources */,
				F2734C2B1ED0942D00B8FD5F /* DocumentCollectionViewController.swift in Sources */,
			);
			runOnlyForDeploymentPostprocessing = 0;
		};
		F21122251FAE49FB0088DEBE /* Sources */ = {
			isa = PBXSourcesBuildPhase;
			buildActionMask = 2147483647;
			files = (
				F21122381FAE4AA30088DEBE /* APIRateApp.swift in Sources */,
			);
			runOnlyForDeploymentPostprocessing = 0;
		};
/* End PBXSourcesBuildPhase section */

/* Begin PBXTargetDependency section */
		F21122301FAE49FB0088DEBE /* PBXTargetDependency */ = {
			isa = PBXTargetDependency;
			target = F21122291FAE49FB0088DEBE /* RateApp */;
			targetProxy = F211222F1FAE49FB0088DEBE /* PBXContainerItemProxy */;
		};
/* End PBXTargetDependency section */

/* Begin PBXVariantGroup section */
		AADCCC991E37005A00B4488E /* Main.storyboard */ = {
			isa = PBXVariantGroup;
			children = (
				AADCCC9A1E37005A00B4488E /* Base */,
			);
			name = Main.storyboard;
			sourceTree = "<group>";
		};
		AAE914611E25D65D000F25C1 /* LaunchScreen.storyboard */ = {
			isa = PBXVariantGroup;
			children = (
				AAE914621E25D65D000F25C1 /* Base */,
			);
			name = LaunchScreen.storyboard;
			sourceTree = "<group>";
		};
/* End PBXVariantGroup section */

/* Begin XCBuildConfiguration section */
		AAE914651E25D65D000F25C1 /* Debug */ = {
			isa = XCBuildConfiguration;
			buildSettings = {
				ALWAYS_SEARCH_USER_PATHS = NO;
				CLANG_ANALYZER_NONNULL = YES;
				CLANG_CXX_LANGUAGE_STANDARD = "gnu++0x";
				CLANG_CXX_LIBRARY = "libc++";
				CLANG_ENABLE_MODULES = YES;
				CLANG_ENABLE_OBJC_ARC = YES;
				CLANG_WARN_BLOCK_CAPTURE_AUTORELEASING = YES;
				CLANG_WARN_BOOL_CONVERSION = YES;
				CLANG_WARN_COMMA = YES;
				CLANG_WARN_CONSTANT_CONVERSION = YES;
				CLANG_WARN_DEPRECATED_OBJC_IMPLEMENTATIONS = YES;
				CLANG_WARN_DIRECT_OBJC_ISA_USAGE = YES_ERROR;
				CLANG_WARN_DOCUMENTATION_COMMENTS = YES;
				CLANG_WARN_EMPTY_BODY = YES;
				CLANG_WARN_ENUM_CONVERSION = YES;
				CLANG_WARN_INFINITE_RECURSION = YES;
				CLANG_WARN_INT_CONVERSION = YES;
				CLANG_WARN_NON_LITERAL_NULL_CONVERSION = YES;
				CLANG_WARN_OBJC_IMPLICIT_RETAIN_SELF = YES;
				CLANG_WARN_OBJC_LITERAL_CONVERSION = YES;
				CLANG_WARN_OBJC_ROOT_CLASS = YES_ERROR;
				CLANG_WARN_RANGE_LOOP_ANALYSIS = YES;
				CLANG_WARN_STRICT_PROTOTYPES = YES;
				CLANG_WARN_SUSPICIOUS_MOVE = YES;
				CLANG_WARN_UNREACHABLE_CODE = YES;
				CLANG_WARN__DUPLICATE_METHOD_MATCH = YES;
				CODE_SIGN_IDENTITY = "iPhone Developer";
				"CODE_SIGN_IDENTITY[sdk=iphoneos*]" = "iPhone Developer";
				COPY_PHASE_STRIP = NO;
				DEBUG_INFORMATION_FORMAT = dwarf;
				ENABLE_STRICT_OBJC_MSGSEND = YES;
				ENABLE_TESTABILITY = YES;
				GCC_C_LANGUAGE_STANDARD = gnu99;
				GCC_DYNAMIC_NO_PIC = NO;
				GCC_NO_COMMON_BLOCKS = YES;
				GCC_OPTIMIZATION_LEVEL = 0;
				GCC_PREPROCESSOR_DEFINITIONS = (
					"DEBUG=1",
					"$(inherited)",
				);
				GCC_WARN_64_TO_32_BIT_CONVERSION = YES;
				GCC_WARN_ABOUT_RETURN_TYPE = YES_ERROR;
				GCC_WARN_UNDECLARED_SELECTOR = YES;
				GCC_WARN_UNINITIALIZED_AUTOS = YES_AGGRESSIVE;
				GCC_WARN_UNUSED_FUNCTION = YES;
				GCC_WARN_UNUSED_VARIABLE = YES;
				IPHONEOS_DEPLOYMENT_TARGET = 9.0;
				MTL_ENABLE_DEBUG_INFO = YES;
				ONLY_ACTIVE_ARCH = YES;
				SDKROOT = iphoneos;
				SWIFT_ACTIVE_COMPILATION_CONDITIONS = DEBUG;
				SWIFT_OPTIMIZATION_LEVEL = "-Onone";
				SWIFT_SWIFT3_OBJC_INFERENCE = Default;
				TARGETED_DEVICE_FAMILY = "1,2";
			};
			name = Debug;
		};
		AAE914661E25D65D000F25C1 /* Release */ = {
			isa = XCBuildConfiguration;
			buildSettings = {
				ALWAYS_SEARCH_USER_PATHS = NO;
				CLANG_ANALYZER_NONNULL = YES;
				CLANG_CXX_LANGUAGE_STANDARD = "gnu++0x";
				CLANG_CXX_LIBRARY = "libc++";
				CLANG_ENABLE_MODULES = YES;
				CLANG_ENABLE_OBJC_ARC = YES;
				CLANG_WARN_BLOCK_CAPTURE_AUTORELEASING = YES;
				CLANG_WARN_BOOL_CONVERSION = YES;
				CLANG_WARN_COMMA = YES;
				CLANG_WARN_CONSTANT_CONVERSION = YES;
				CLANG_WARN_DEPRECATED_OBJC_IMPLEMENTATIONS = YES;
				CLANG_WARN_DIRECT_OBJC_ISA_USAGE = YES_ERROR;
				CLANG_WARN_DOCUMENTATION_COMMENTS = YES;
				CLANG_WARN_EMPTY_BODY = YES;
				CLANG_WARN_ENUM_CONVERSION = YES;
				CLANG_WARN_INFINITE_RECURSION = YES;
				CLANG_WARN_INT_CONVERSION = YES;
				CLANG_WARN_NON_LITERAL_NULL_CONVERSION = YES;
				CLANG_WARN_OBJC_IMPLICIT_RETAIN_SELF = YES;
				CLANG_WARN_OBJC_LITERAL_CONVERSION = YES;
				CLANG_WARN_OBJC_ROOT_CLASS = YES_ERROR;
				CLANG_WARN_RANGE_LOOP_ANALYSIS = YES;
				CLANG_WARN_STRICT_PROTOTYPES = YES;
				CLANG_WARN_SUSPICIOUS_MOVE = YES;
				CLANG_WARN_UNREACHABLE_CODE = YES;
				CLANG_WARN__DUPLICATE_METHOD_MATCH = YES;
				CODE_SIGN_IDENTITY = "iPhone Developer";
				"CODE_SIGN_IDENTITY[sdk=iphoneos*]" = "iPhone Developer";
				COPY_PHASE_STRIP = NO;
				DEBUG_INFORMATION_FORMAT = "dwarf-with-dsym";
				ENABLE_NS_ASSERTIONS = NO;
				ENABLE_STRICT_OBJC_MSGSEND = YES;
				GCC_C_LANGUAGE_STANDARD = gnu99;
				GCC_NO_COMMON_BLOCKS = YES;
				GCC_WARN_64_TO_32_BIT_CONVERSION = YES;
				GCC_WARN_ABOUT_RETURN_TYPE = YES_ERROR;
				GCC_WARN_UNDECLARED_SELECTOR = YES;
				GCC_WARN_UNINITIALIZED_AUTOS = YES_AGGRESSIVE;
				GCC_WARN_UNUSED_FUNCTION = YES;
				GCC_WARN_UNUSED_VARIABLE = YES;
				IPHONEOS_DEPLOYMENT_TARGET = 9.0;
				MTL_ENABLE_DEBUG_INFO = NO;
				SDKROOT = iphoneos;
				SWIFT_OPTIMIZATION_LEVEL = "-Owholemodule";
				SWIFT_SWIFT3_OBJC_INFERENCE = Default;
				TARGETED_DEVICE_FAMILY = "1,2";
				VALIDATE_PRODUCT = YES;
			};
			name = Release;
		};
		AAE914681E25D65D000F25C1 /* Debug */ = {
			isa = XCBuildConfiguration;
			baseConfigurationReference = F7DFDD291BD2B79926BD0192 /* Pods-iScan.debug.xcconfig */;
			buildSettings = {
				ALWAYS_EMBED_SWIFT_STANDARD_LIBRARIES = YES;
				ASSETCATALOG_COMPILER_APPICON_NAME = AppIcon;
				CLANG_ENABLE_MODULES = YES;
				CODE_SIGN_ENTITLEMENTS = iScan/iScan.entitlements;
				COPY_HEADERS_RUN_UNIFDEF = NO;
				DEVELOPMENT_TEAM = SWZ7G84L24;
				FRAMEWORK_SEARCH_PATHS = (
					"$(inherited)",
					"$(PROJECT_DIR)",
				);
				INFOPLIST_FILE = iScan/Info.plist;
				IPHONEOS_DEPLOYMENT_TARGET = 9.0;
				LD_RUNPATH_SEARCH_PATHS = "$(inherited) @executable_path/Frameworks";
				PRODUCT_BUNDLE_IDENTIFIER = com.CarpenterBlood.iScan;
				PRODUCT_NAME = "$(TARGET_NAME)";
				SWIFT_OBJC_BRIDGING_HEADER = "";
				SWIFT_OPTIMIZATION_LEVEL = "-Onone";
				SWIFT_SWIFT3_OBJC_INFERENCE = Default;
				SWIFT_VERSION = 4.0;
			};
			name = Debug;
		};
		AAE914691E25D65D000F25C1 /* Release */ = {
			isa = XCBuildConfiguration;
			baseConfigurationReference = 52FFCA7BA10E80FB98DB40D0 /* Pods-iScan.release.xcconfig */;
			buildSettings = {
				ALWAYS_EMBED_SWIFT_STANDARD_LIBRARIES = YES;
				ASSETCATALOG_COMPILER_APPICON_NAME = AppIcon;
				CLANG_ENABLE_MODULES = YES;
				CODE_SIGN_ENTITLEMENTS = iScan/iScan.entitlements;
				COPY_HEADERS_RUN_UNIFDEF = NO;
				DEVELOPMENT_TEAM = SWZ7G84L24;
				FRAMEWORK_SEARCH_PATHS = (
					"$(inherited)",
					"$(PROJECT_DIR)",
				);
				INFOPLIST_FILE = iScan/Info.plist;
				IPHONEOS_DEPLOYMENT_TARGET = 9.0;
				LD_RUNPATH_SEARCH_PATHS = "$(inherited) @executable_path/Frameworks";
				PRODUCT_BUNDLE_IDENTIFIER = com.CarpenterBlood.iScan;
				PRODUCT_NAME = "$(TARGET_NAME)";
				SWIFT_OBJC_BRIDGING_HEADER = "";
				SWIFT_SWIFT3_OBJC_INFERENCE = Default;
				SWIFT_VERSION = 4.0;
			};
			name = Release;
		};
		F21122331FAE49FB0088DEBE /* Debug */ = {
			isa = XCBuildConfiguration;
			buildSettings = {
				CLANG_ANALYZER_NUMBER_OBJECT_CONVERSION = YES_AGGRESSIVE;
				CLANG_CXX_LANGUAGE_STANDARD = "gnu++14";
				CLANG_ENABLE_MODULES = YES;
				CLANG_WARN_UNGUARDED_AVAILABILITY = YES_AGGRESSIVE;
				CODE_SIGN_IDENTITY = "";
				CODE_SIGN_STYLE = Automatic;
				CURRENT_PROJECT_VERSION = 1;
				DEFINES_MODULE = YES;
				DEVELOPMENT_TEAM = SWZ7G84L24;
				DYLIB_COMPATIBILITY_VERSION = 1;
				DYLIB_CURRENT_VERSION = 1;
				DYLIB_INSTALL_NAME_BASE = "@rpath";
				GCC_C_LANGUAGE_STANDARD = gnu11;
				INFOPLIST_FILE = RateApp/Info.plist;
				INSTALL_PATH = "$(LOCAL_LIBRARY_DIR)/Frameworks";
				IPHONEOS_DEPLOYMENT_TARGET = 8.0;
				LD_RUNPATH_SEARCH_PATHS = "$(inherited) @executable_path/Frameworks @loader_path/Frameworks";
				PRODUCT_BUNDLE_IDENTIFIER = co.jwenterprises.carpentryplus25.RateApp;
				PRODUCT_NAME = "$(TARGET_NAME:c99extidentifier)";
				SKIP_INSTALL = YES;
				SWIFT_OPTIMIZATION_LEVEL = "-Onone";
				SWIFT_VERSION = 4.0;
				TARGETED_DEVICE_FAMILY = "1,2";
				VERSIONING_SYSTEM = "apple-generic";
				VERSION_INFO_PREFIX = "";
			};
			name = Debug;
		};
		F21122341FAE49FB0088DEBE /* Release */ = {
			isa = XCBuildConfiguration;
			buildSettings = {
				CLANG_ANALYZER_NUMBER_OBJECT_CONVERSION = YES_AGGRESSIVE;
				CLANG_CXX_LANGUAGE_STANDARD = "gnu++14";
				CLANG_ENABLE_MODULES = YES;
				CLANG_WARN_UNGUARDED_AVAILABILITY = YES_AGGRESSIVE;
				CODE_SIGN_IDENTITY = "";
				CODE_SIGN_STYLE = Automatic;
				CURRENT_PROJECT_VERSION = 1;
				DEFINES_MODULE = YES;
				DEVELOPMENT_TEAM = SWZ7G84L24;
				DYLIB_COMPATIBILITY_VERSION = 1;
				DYLIB_CURRENT_VERSION = 1;
				DYLIB_INSTALL_NAME_BASE = "@rpath";
				GCC_C_LANGUAGE_STANDARD = gnu11;
				INFOPLIST_FILE = RateApp/Info.plist;
				INSTALL_PATH = "$(LOCAL_LIBRARY_DIR)/Frameworks";
				IPHONEOS_DEPLOYMENT_TARGET = 8.0;
				LD_RUNPATH_SEARCH_PATHS = "$(inherited) @executable_path/Frameworks @loader_path/Frameworks";
				PRODUCT_BUNDLE_IDENTIFIER = co.jwenterprises.carpentryplus25.RateApp;
				PRODUCT_NAME = "$(TARGET_NAME:c99extidentifier)";
				SKIP_INSTALL = YES;
				SWIFT_VERSION = 4.0;
				TARGETED_DEVICE_FAMILY = "1,2";
				VERSIONING_SYSTEM = "apple-generic";
				VERSION_INFO_PREFIX = "";
			};
			name = Release;
		};
/* End XCBuildConfiguration section */

/* Begin XCConfigurationList section */
		AAE914501E25D65D000F25C1 /* Build configuration list for PBXProject "iScan" */ = {
			isa = XCConfigurationList;
			buildConfigurations = (
				AAE914651E25D65D000F25C1 /* Debug */,
				AAE914661E25D65D000F25C1 /* Release */,
			);
			defaultConfigurationIsVisible = 0;
			defaultConfigurationName = Release;
		};
		AAE914671E25D65D000F25C1 /* Build configuration list for PBXNativeTarget "iScan" */ = {
			isa = XCConfigurationList;
			buildConfigurations = (
				AAE914681E25D65D000F25C1 /* Debug */,
				AAE914691E25D65D000F25C1 /* Release */,
			);
			defaultConfigurationIsVisible = 0;
			defaultConfigurationName = Release;
		};
		F21122351FAE49FB0088DEBE /* Build configuration list for PBXNativeTarget "RateApp" */ = {
			isa = XCConfigurationList;
			buildConfigurations = (
				F21122331FAE49FB0088DEBE /* Debug */,
				F21122341FAE49FB0088DEBE /* Release */,
			);
			defaultConfigurationIsVisible = 0;
			defaultConfigurationName = Release;
		};
/* End XCConfigurationList section */
	};
	rootObject = AAE9144D1E25D65D000F25C1 /* Project object */;
}
